// !$*UTF8*$!
{
	archiveVersion = 1;
	classes = {
	};
	objectVersion = 55;
	objects = {

/* Begin PBXBuildFile section */
		1888FFD828A27B5C00AC8A03 /* AppDelegate.swift in Sources */ = {isa = PBXBuildFile; fileRef = 1888FFD728A27B5C00AC8A03 /* AppDelegate.swift */; };
		1888FFDA28A27B5C00AC8A03 /* SceneDelegate.swift in Sources */ = {isa = PBXBuildFile; fileRef = 1888FFD928A27B5C00AC8A03 /* SceneDelegate.swift */; };
		1888FFDC28A27B5C00AC8A03 /* ViewController.swift in Sources */ = {isa = PBXBuildFile; fileRef = 1888FFDB28A27B5C00AC8A03 /* ViewController.swift */; };
		1888FFDF28A27B5C00AC8A03 /* Main.storyboard in Resources */ = {isa = PBXBuildFile; fileRef = 1888FFDD28A27B5C00AC8A03 /* Main.storyboard */; };
		1888FFE228A27B5C00AC8A03 /* pickerView.xcdatamodeld in Sources */ = {isa = PBXBuildFile; fileRef = 1888FFE028A27B5C00AC8A03 /* pickerView.xcdatamodeld */; };
		1888FFE428A27B5E00AC8A03 /* Assets.xcassets in Resources */ = {isa = PBXBuildFile; fileRef = 1888FFE328A27B5E00AC8A03 /* Assets.xcassets */; };
		1888FFE728A27B5E00AC8A03 /* LaunchScreen.storyboard in Resources */ = {isa = PBXBuildFile; fileRef = 1888FFE528A27B5E00AC8A03 /* LaunchScreen.storyboard */; };
		1888FFF228A27B5E00AC8A03 /* pickerViewTests.swift in Sources */ = {isa = PBXBuildFile; fileRef = 1888FFF128A27B5E00AC8A03 /* pickerViewTests.swift */; };
		1888FFFC28A27B5E00AC8A03 /* pickerViewUITests.swift in Sources */ = {isa = PBXBuildFile; fileRef = 1888FFFB28A27B5E00AC8A03 /* pickerViewUITests.swift */; };
		1888FFFE28A27B5E00AC8A03 /* pickerViewUITestsLaunchTests.swift in Sources */ = {isa = PBXBuildFile; fileRef = 1888FFFD28A27B5E00AC8A03 /* pickerViewUITestsLaunchTests.swift */; };
/* End PBXBuildFile section */

/* Begin PBXContainerItemProxy section */
		1888FFEE28A27B5E00AC8A03 /* PBXContainerItemProxy */ = {
			isa = PBXContainerItemProxy;
			containerPortal = 1888FFCC28A27B5C00AC8A03 /* Project object */;
			proxyType = 1;
			remoteGlobalIDString = 1888FFD328A27B5C00AC8A03;
			remoteInfo = pickerView;
		};
		1888FFF828A27B5E00AC8A03 /* PBXContainerItemProxy */ = {
			isa = PBXContainerItemProxy;
			containerPortal = 1888FFCC28A27B5C00AC8A03 /* Project object */;
			proxyType = 1;
			remoteGlobalIDString = 1888FFD328A27B5C00AC8A03;
			remoteInfo = pickerView;
		};
/* End PBXContainerItemProxy section */

/* Begin PBXFileReference section */
		1888FFD428A27B5C00AC8A03 /* pickerView.app */ = {isa = PBXFileReference; explicitFileType = wrapper.application; includeInIndex = 0; path = pickerView.app; sourceTree = BUILT_PRODUCTS_DIR; };
		1888FFD728A27B5C00AC8A03 /* AppDelegate.swift */ = {isa = PBXFileReference; lastKnownFileType = sourcecode.swift; path = AppDelegate.swift; sourceTree = "<group>"; };
		1888FFD928A27B5C00AC8A03 /* SceneDelegate.swift */ = {isa = PBXFileReference; lastKnownFileType = sourcecode.swift; path = SceneDelegate.swift; sourceTree = "<group>"; };
		1888FFDB28A27B5C00AC8A03 /* ViewController.swift */ = {isa = PBXFileReference; lastKnownFileType = sourcecode.swift; path = ViewController.swift; sourceTree = "<group>"; };
		1888FFDE28A27B5C00AC8A03 /* Base */ = {isa = PBXFileReference; lastKnownFileType = file.storyboard; name = Base; path = Base.lproj/Main.storyboard; sourceTree = "<group>"; };
		1888FFE128A27B5C00AC8A03 /* pickerView.xcdatamodel */ = {isa = PBXFileReference; lastKnownFileType = wrapper.xcdatamodel; path = pickerView.xcdatamodel; sourceTree = "<group>"; };
		1888FFE328A27B5E00AC8A03 /* Assets.xcassets */ = {isa = PBXFileReference; lastKnownFileType = folder.assetcatalog; path = Assets.xcassets; sourceTree = "<group>"; };
		1888FFE628A27B5E00AC8A03 /* Base */ = {isa = PBXFileReference; lastKnownFileType = file.storyboard; name = Base; path = Base.lproj/LaunchScreen.storyboard; sourceTree = "<group>"; };
		1888FFE828A27B5E00AC8A03 /* Info.plist */ = {isa = PBXFileReference; lastKnownFileType = text.plist.xml; path = Info.plist; sourceTree = "<group>"; };
		1888FFED28A27B5E00AC8A03 /* pickerViewTests.xctest */ = {isa = PBXFileReference; explicitFileType = wrapper.cfbundle; includeInIndex = 0; path = pickerViewTests.xctest; sourceTree = BUILT_PRODUCTS_DIR; };
		1888FFF128A27B5E00AC8A03 /* pickerViewTests.swift */ = {isa = PBXFileReference; lastKnownFileType = sourcecode.swift; path = pickerViewTests.swift; sourceTree = "<group>"; };
		1888FFF728A27B5E00AC8A03 /* pickerViewUITests.xctest */ = {isa = PBXFileReference; explicitFileType = wrapper.cfbundle; includeInIndex = 0; path = pickerViewUITests.xctest; sourceTree = BUILT_PRODUCTS_DIR; };
		1888FFFB28A27B5E00AC8A03 /* pickerViewUITests.swift */ = {isa = PBXFileReference; lastKnownFileType = sourcecode.swift; path = pickerViewUITests.swift; sourceTree = "<group>"; };
		1888FFFD28A27B5E00AC8A03 /* pickerViewUITestsLaunchTests.swift */ = {isa = PBXFileReference; lastKnownFileType = sourcecode.swift; path = pickerViewUITestsLaunchTests.swift; sourceTree = "<group>"; };
/* End PBXFileReference section */

/* Begin PBXFrameworksBuildPhase section */
		1888FFD128A27B5C00AC8A03 /* Frameworks */ = {
			isa = PBXFrameworksBuildPhase;
			buildActionMask = 2147483647;
			files = (
			);
			runOnlyForDeploymentPostprocessing = 0;
		};
		1888FFEA28A27B5E00AC8A03 /* Frameworks */ = {
			isa = PBXFrameworksBuildPhase;
			buildActionMask = 2147483647;
			files = (
			);
			runOnlyForDeploymentPostprocessing = 0;
		};
		1888FFF428A27B5E00AC8A03 /* Frameworks */ = {
			isa = PBXFrameworksBuildPhase;
			buildActionMask = 2147483647;
			files = (
			);
			runOnlyForDeploymentPostprocessing = 0;
		};
/* End PBXFrameworksBuildPhase section */

/* Begin PBXGroup section */
		1888FFCB28A27B5C00AC8A03 = {
			isa = PBXGroup;
			children = (
				1888FFD628A27B5C00AC8A03 /* pickerView */,
				1888FFF028A27B5E00AC8A03 /* pickerViewTests */,
				1888FFFA28A27B5E00AC8A03 /* pickerViewUITests */,
				1888FFD528A27B5C00AC8A03 /* Products */,
			);
			sourceTree = "<group>";
		};
		1888FFD528A27B5C00AC8A03 /* Products */ = {
			isa = PBXGroup;
			children = (
				1888FFD428A27B5C00AC8A03 /* pickerView.app */,
				1888FFED28A27B5E00AC8A03 /* pickerViewTests.xctest */,
				1888FFF728A27B5E00AC8A03 /* pickerViewUITests.xctest */,
			);
			name = Products;
			sourceTree = "<group>";
		};
		1888FFD628A27B5C00AC8A03 /* pickerView */ = {
			isa = PBXGroup;
			children = (
				1888FFD728A27B5C00AC8A03 /* AppDelegate.swift */,
				1888FFD928A27B5C00AC8A03 /* SceneDelegate.swift */,
				1888FFDB28A27B5C00AC8A03 /* ViewController.swift */,
				1888FFDD28A27B5C00AC8A03 /* Main.storyboard */,
				1888FFE328A27B5E00AC8A03 /* Assets.xcassets */,
				1888FFE528A27B5E00AC8A03 /* LaunchScreen.storyboard */,
				1888FFE828A27B5E00AC8A03 /* Info.plist */,
				1888FFE028A27B5C00AC8A03 /* pickerView.xcdatamodeld */,
			);
			path = pickerView;
			sourceTree = "<group>";
		};
		1888FFF028A27B5E00AC8A03 /* pickerViewTests */ = {
			isa = PBXGroup;
			children = (
				1888FFF128A27B5E00AC8A03 /* pickerViewTests.swift */,
			);
			path = pickerViewTests;
			sourceTree = "<group>";
		};
		1888FFFA28A27B5E00AC8A03 /* pickerViewUITests */ = {
			isa = PBXGroup;
			children = (
				1888FFFB28A27B5E00AC8A03 /* pickerViewUITests.swift */,
				1888FFFD28A27B5E00AC8A03 /* pickerViewUITestsLaunchTests.swift */,
			);
			path = pickerViewUITests;
			sourceTree = "<group>";
		};
/* End PBXGroup section */

/* Begin PBXNativeTarget section */
		1888FFD328A27B5C00AC8A03 /* pickerView */ = {
			isa = PBXNativeTarget;
			buildConfigurationList = 1888000128A27B5E00AC8A03 /* Build configuration list for PBXNativeTarget "pickerView" */;
			buildPhases = (
				1888FFD028A27B5C00AC8A03 /* Sources */,
				1888FFD128A27B5C00AC8A03 /* Frameworks */,
				1888FFD228A27B5C00AC8A03 /* Resources */,
			);
			buildRules = (
			);
			dependencies = (
			);
			name = pickerView;
			productName = pickerView;
			productReference = 1888FFD428A27B5C00AC8A03 /* pickerView.app */;
			productType = "com.apple.product-type.application";
		};
		1888FFEC28A27B5E00AC8A03 /* pickerViewTests */ = {
			isa = PBXNativeTarget;
			buildConfigurationList = 1888000428A27B5E00AC8A03 /* Build configuration list for PBXNativeTarget "pickerViewTests" */;
			buildPhases = (
				1888FFE928A27B5E00AC8A03 /* Sources */,
				1888FFEA28A27B5E00AC8A03 /* Frameworks */,
				1888FFEB28A27B5E00AC8A03 /* Resources */,
			);
			buildRules = (
			);
			dependencies = (
				1888FFEF28A27B5E00AC8A03 /* PBXTargetDependency */,
			);
			name = pickerViewTests;
			productName = pickerViewTests;
			productReference = 1888FFED28A27B5E00AC8A03 /* pickerViewTests.xctest */;
			productType = "com.apple.product-type.bundle.unit-test";
		};
		1888FFF628A27B5E00AC8A03 /* pickerViewUITests */ = {
			isa = PBXNativeTarget;
			buildConfigurationList = 1888000728A27B5E00AC8A03 /* Build configuration list for PBXNativeTarget "pickerViewUITests" */;
			buildPhases = (
				1888FFF328A27B5E00AC8A03 /* Sources */,
				1888FFF428A27B5E00AC8A03 /* Frameworks */,
				1888FFF528A27B5E00AC8A03 /* Resources */,
			);
			buildRules = (
			);
			dependencies = (
				1888FFF928A27B5E00AC8A03 /* PBXTargetDependency */,
			);
			name = pickerViewUITests;
			productName = pickerViewUITests;
			productReference = 1888FFF728A27B5E00AC8A03 /* pickerViewUITests.xctest */;
			productType = "com.apple.product-type.bundle.ui-testing";
		};
/* End PBXNativeTarget section */

/* Begin PBXProject section */
		1888FFCC28A27B5C00AC8A03 /* Project object */ = {
			isa = PBXProject;
			attributes = {
				BuildIndependentTargetsInParallel = 1;
				LastSwiftUpdateCheck = 1340;
				LastUpgradeCheck = 1340;
				TargetAttributes = {
					1888FFD328A27B5C00AC8A03 = {
						CreatedOnToolsVersion = 13.4.1;
					};
					1888FFEC28A27B5E00AC8A03 = {
						CreatedOnToolsVersion = 13.4.1;
						TestTargetID = 1888FFD328A27B5C00AC8A03;
					};
					1888FFF628A27B5E00AC8A03 = {
						CreatedOnToolsVersion = 13.4.1;
						TestTargetID = 1888FFD328A27B5C00AC8A03;
					};
				};
			};
			buildConfigurationList = 1888FFCF28A27B5C00AC8A03 /* Build configuration list for PBXProject "pickerView" */;
			compatibilityVersion = "Xcode 13.0";
			developmentRegion = en;
			hasScannedForEncodings = 0;
			knownRegions = (
				en,
				Base,
			);
			mainGroup = 1888FFCB28A27B5C00AC8A03;
			productRefGroup = 1888FFD528A27B5C00AC8A03 /* Products */;
			projectDirPath = "";
			projectRoot = "";
			targets = (
				1888FFD328A27B5C00AC8A03 /* pickerView */,
				1888FFEC28A27B5E00AC8A03 /* pickerViewTests */,
				1888FFF628A27B5E00AC8A03 /* pickerViewUITests */,
			);
		};
/* End PBXProject section */

/* Begin PBXResourcesBuildPhase section */
		1888FFD228A27B5C00AC8A03 /* Resources */ = {
			isa = PBXResourcesBuildPhase;
			buildActionMask = 2147483647;
			files = (
				1888FFE728A27B5E00AC8A03 /* LaunchScreen.storyboard in Resources */,
				1888FFE428A27B5E00AC8A03 /* Assets.xcassets in Resources */,
				1888FFDF28A27B5C00AC8A03 /* Main.storyboard in Resources */,
			);
			runOnlyForDeploymentPostprocessing = 0;
		};
		1888FFEB28A27B5E00AC8A03 /* Resources */ = {
			isa = PBXResourcesBuildPhase;
			buildActionMask = 2147483647;
			files = (
			);
			runOnlyForDeploymentPostprocessing = 0;
		};
		1888FFF528A27B5E00AC8A03 /* Resources */ = {
			isa = PBXResourcesBuildPhase;
			buildActionMask = 2147483647;
			files = (
			);
			runOnlyForDeploymentPostprocessing = 0;
		};
/* End PBXResourcesBuildPhase section */

/* Begin PBXSourcesBuildPhase section */
		1888FFD028A27B5C00AC8A03 /* Sources */ = {
			isa = PBXSourcesBuildPhase;
			buildActionMask = 2147483647;
			files = (
				1888FFE228A27B5C00AC8A03 /* pickerView.xcdatamodeld in Sources */,
				1888FFDC28A27B5C00AC8A03 /* ViewController.swift in Sources */,
				1888FFD828A27B5C00AC8A03 /* AppDelegate.swift in Sources */,
				1888FFDA28A27B5C00AC8A03 /* SceneDelegate.swift in Sources */,
			);
			runOnlyForDeploymentPostprocessing = 0;
		};
		1888FFE928A27B5E00AC8A03 /* Sources */ = {
			isa = PBXSourcesBuildPhase;
			buildActionMask = 2147483647;
			files = (
				1888FFF228A27B5E00AC8A03 /* pickerViewTests.swift in Sources */,
			);
			runOnlyForDeploymentPostprocessing = 0;
		};
		1888FFF328A27B5E00AC8A03 /* Sources */ = {
			isa = PBXSourcesBuildPhase;
			buildActionMask = 2147483647;
			files = (
				1888FFFC28A27B5E00AC8A03 /* pickerViewUITests.swift in Sources */,
				1888FFFE28A27B5E00AC8A03 /* pickerViewUITestsLaunchTests.swift in Sources */,
			);
			runOnlyForDeploymentPostprocessing = 0;
		};
/* End PBXSourcesBuildPhase section */

/* Begin PBXTargetDependency section */
		1888FFEF28A27B5E00AC8A03 /* PBXTargetDependency */ = {
			isa = PBXTargetDependency;
			target = 1888FFD328A27B5C00AC8A03 /* pickerView */;
			targetProxy = 1888FFEE28A27B5E00AC8A03 /* PBXContainerItemProxy */;
		};
		1888FFF928A27B5E00AC8A03 /* PBXTargetDependency */ = {
			isa = PBXTargetDependency;
			target = 1888FFD328A27B5C00AC8A03 /* pickerView */;
			targetProxy = 1888FFF828A27B5E00AC8A03 /* PBXContainerItemProxy */;
		};
/* End PBXTargetDependency section */

/* Begin PBXVariantGroup section */
		1888FFDD28A27B5C00AC8A03 /* Main.storyboard */ = {
			isa = PBXVariantGroup;
			children = (
				1888FFDE28A27B5C00AC8A03 /* Base */,
			);
			name = Main.storyboard;
			sourceTree = "<group>";
		};
		1888FFE528A27B5E00AC8A03 /* LaunchScreen.storyboard */ = {
			isa = PBXVariantGroup;
			children = (
				1888FFE628A27B5E00AC8A03 /* Base */,
			);
			name = LaunchScreen.storyboard;
			sourceTree = "<group>";
		};
/* End PBXVariantGroup section */

/* Begin XCBuildConfiguration section */
		1888000028A27B5E00AC8A03 /* Release */ = {
			isa = XCBuildConfiguration;
			buildSettings = {
				ALWAYS_SEARCH_USER_PATHS = NO;
				CLANG_ANALYZER_NONNULL = YES;
				CLANG_ANALYZER_NUMBER_OBJECT_CONVERSION = YES_AGGRESSIVE;
				CLANG_CXX_LANGUAGE_STANDARD = "gnu++17";
				CLANG_ENABLE_MODULES = YES;
				CLANG_ENABLE_OBJC_ARC = YES;
				CLANG_ENABLE_OBJC_WEAK = YES;
				CLANG_WARN_BLOCK_CAPTURE_AUTORELEASING = YES;
				CLANG_WARN_BOOL_CONVERSION = YES;
				CLANG_WARN_COMMA = YES;
				CLANG_WARN_CONSTANT_CONVERSION = YES;
				CLANG_WARN_DEPRECATED_OBJC_IMPLEMENTATIONS = YES;
				CLANG_WARN_DIRECT_OBJC_ISA_USAGE = YES_ERROR;
				CLANG_WARN_DOCUMENTATION_COMMENTS = YES;
				CLANG_WARN_EMPTY_BODY = YES;
				CLANG_WARN_ENUM_CONVERSION = YES;
				CLANG_WARN_INFINITE_RECURSION = YES;
				CLANG_WARN_INT_CONVERSION = YES;
				CLANG_WARN_NON_LITERAL_NULL_CONVERSION = YES;
				CLANG_WARN_OBJC_IMPLICIT_RETAIN_SELF = YES;
				CLANG_WARN_OBJC_LITERAL_CONVERSION = YES;
				CLANG_WARN_OBJC_ROOT_CLASS = YES_ERROR;
				CLANG_WARN_QUOTED_INCLUDE_IN_FRAMEWORK_HEADER = YES;
				CLANG_WARN_RANGE_LOOP_ANALYSIS = YES;
				CLANG_WARN_STRICT_PROTOTYPES = YES;
				CLANG_WARN_SUSPICIOUS_MOVE = YES;
				CLANG_WARN_UNGUARDED_AVAILABILITY = YES_AGGRESSIVE;
				CLANG_WARN_UNREACHABLE_CODE = YES;
				CLANG_WARN__DUPLICATE_METHOD_MATCH = YES;
				COPY_PHASE_STRIP = NO;
				DEBUG_INFORMATION_FORMAT = "dwarf-with-dsym";
				ENABLE_NS_ASSERTIONS = NO;
				ENABLE_STRICT_OBJC_MSGSEND = YES;
				GCC_C_LANGUAGE_STANDARD = gnu11;
				GCC_NO_COMMON_BLOCKS = YES;
				GCC_WARN_64_TO_32_BIT_CONVERSION = YES;
				GCC_WARN_ABOUT_RETURN_TYPE = YES_ERROR;
				GCC_WARN_UNDECLARED_SELECTOR = YES;
				GCC_WARN_UNINITIALIZED_AUTOS = YES_AGGRESSIVE;
				GCC_WARN_UNUSED_FUNCTION = YES;
				GCC_WARN_UNUSED_VARIABLE = YES;
				IPHONEOS_DEPLOYMENT_TARGET = 15.5;
				MTL_ENABLE_DEBUG_INFO = NO;
				MTL_FAST_MATH = YES;
				SDKROOT = iphoneos;
				SWIFT_COMPILATION_MODE = wholemodule;
				SWIFT_OPTIMIZATION_LEVEL = "-O";
				VALIDATE_PRODUCT = YES;
			};
			name = Release;
		};
		1888000228A27B5E00AC8A03 /* Debug */ = {
			isa = XCBuildConfiguration;
			buildSettings = {
				ASSETCATALOG_COMPILER_APPICON_NAME = AppIcon;
				ASSETCATALOG_COMPILER_GLOBAL_ACCENT_COLOR_NAME = AccentColor;
				CODE_SIGN_STYLE = Automatic;
				CURRENT_PROJECT_VERSION = 1;
				DEVELOPMENT_TEAM = 6DV7YZY2XY;
				GENERATE_INFOPLIST_FILE = YES;
				INFOPLIST_FILE = pickerView/Info.plist;
				INFOPLIST_KEY_UIApplicationSupportsIndirectInputEvents = YES;
				INFOPLIST_KEY_UILaunchStoryboardName = LaunchScreen;
				INFOPLIST_KEY_UIMainStoryboardFile = Main;
				INFOPLIST_KEY_UISupportedInterfaceOrientations_iPad = "UIInterfaceOrientationPortrait UIInterfaceOrientationPortraitUpsideDown UIInterfaceOrientationLandscapeLeft UIInterfaceOrientationLandscapeRight";
				INFOPLIST_KEY_UISupportedInterfaceOrientations_iPhone = "UIInterfaceOrientationPortrait UIInterfaceOrientationLandscapeLeft UIInterfaceOrientationLandscapeRight";
				LD_RUNPATH_SEARCH_PATHS = (
					"$(inherited)",
					"@executable_path/Frameworks",
				);
				MARKETING_VERSION = 1.0;
				PRODUCT_BUNDLE_IDENTIFIER = com.metinemre.pickerView;
				PRODUCT_NAME = "$(TARGET_NAME)";
				SWIFT_EMIT_LOC_STRINGS = YES;
				SWIFT_VERSION = 5.0;
				TARGETED_DEVICE_FAMILY = "1,2";
			};
			name = Debug;
		};
		1888000328A27B5E00AC8A03 /* Release */ = {
			isa = XCBuildConfiguration;
			buildSettings = {
				ASSETCATALOG_COMPILER_APPICON_NAME = AppIcon;
				ASSETCATALOG_COMPILER_GLOBAL_ACCENT_COLOR_NAME = AccentColor;
				CODE_SIGN_STYLE = Automatic;
				CURRENT_PROJECT_VERSION = 1;
				DEVELOPMENT_TEAM = 6DV7YZY2XY;
				GENERATE_INFOPLIST_FILE = YES;
				INFOPLIST_FILE = pickerView/Info.plist;
				INFOPLIST_KEY_UIApplicationSupportsIndirectInputEvents = YES;
				INFOPLIST_KEY_UILaunchStoryboardName = LaunchScreen;
				INFOPLIST_KEY_UIMainStoryboardFile = Main;
				INFOPLIST_KEY_UISupportedInterfaceOrientations_iPad = "UIInterfaceOrientationPortrait UIInterfaceOrientationPortraitUpsideDown UIInterfaceOrientationLandscapeLeft UIInterfaceOrientationLandscapeRight";
				INFOPLIST_KEY_UISupportedInterfaceOrientations_iPhone = "UIInterfaceOrientationPortrait UIInterfaceOrientationLandscapeLeft UIInterfaceOrientationLandscapeRight";
				LD_RUNPATH_SEARCH_PATHS = (
					"$(inherited)",
					"@executable_path/Frameworks",
				);
				MARKETING_VERSION = 1.0;
				PRODUCT_BUNDLE_IDENTIFIER = com.metinemre.pickerView;
				PRODUCT_NAME = "$(TARGET_NAME)";
				SWIFT_EMIT_LOC_STRINGS = YES;
				SWIFT_VERSION = 5.0;
				TARGETED_DEVICE_FAMILY = "1,2";
			};
			name = Release;
		};
		1888000528A27B5E00AC8A03 /* Debug */ = {
			isa = XCBuildConfiguration;
			buildSettings = {
				ALWAYS_EMBED_SWIFT_STANDARD_LIBRARIES = YES;
				BUNDLE_LOADER = "$(TEST_HOST)";
				CODE_SIGN_STYLE = Automatic;
				CURRENT_PROJECT_VERSION = 1;
				DEVELOPMENT_TEAM = 6DV7YZY2XY;
				GENERATE_INFOPLIST_FILE = YES;
				IPHONEOS_DEPLOYMENT_TARGET = 15.5;
				MARKETING_VERSION = 1.0;
				PRODUCT_BUNDLE_IDENTIFIER = com.metinemre.pickerViewTests;
				PRODUCT_NAME = "$(TARGET_NAME)";
				SWIFT_EMIT_LOC_STRINGS = NO;
				SWIFT_VERSION = 5.0;
				TARGETED_DEVICE_FAMILY = "1,2";
				TEST_HOST = "$(BUILT_PRODUCTS_DIR)/pickerView.app/pickerView";
			};
			name = Debug;
		};
		1888000628A27B5E00AC8A03 /* Release */ = {
			isa = XCBuildConfiguration;
			buildSettings = {
				ALWAYS_EMBED_SWIFT_STANDARD_LIBRARIES = YES;
				BUNDLE_LOADER = "$(TEST_HOST)";
				CODE_SIGN_STYLE = Automatic;
				CURRENT_PROJECT_VERSION = 1;
				DEVELOPMENT_TEAM = 6DV7YZY2XY;
				GENERATE_INFOPLIST_FILE = YES;
				IPHONEOS_DEPLOYMENT_TARGET = 15.5;
				MARKETING_VERSION = 1.0;
				PRODUCT_BUNDLE_IDENTIFIER = com.metinemre.pickerViewTests;
				PRODUCT_NAME = "$(TARGET_NAME)";
				SWIFT_EMIT_LOC_STRINGS = NO;
				SWIFT_VERSION = 5.0;
				TARGETED_DEVICE_FAMILY = "1,2";
				TEST_HOST = "$(BUILT_PRODUCTS_DIR)/pickerView.app/pickerView";
			};
			name = Release;
		};
		1888000828A27B5E00AC8A03 /* Debug */ = {
			isa = XCBuildConfiguration;
			buildSettings = {
				ALWAYS_EMBED_SWIFT_STANDARD_LIBRARIES = YES;
				CODE_SIGN_STYLE = Automatic;
				CURRENT_PROJECT_VERSION = 1;
				DEVELOPMENT_TEAM = 6DV7YZY2XY;
				GENERATE_INFOPLIST_FILE = YES;
				MARKETING_VERSION = 1.0;
				PRODUCT_BUNDLE_IDENTIFIER = com.metinemre.pickerViewUITests;
				PRODUCT_NAME = "$(TARGET_NAME)";
				SWIFT_EMIT_LOC_STRINGS = NO;
				SWIFT_VERSION = 5.0;
				TARGETED_DEVICE_FAMILY = "1,2";
				TEST_TARGET_NAME = pickerView;
			};
			name = Debug;
		};
		1888000928A27B5E00AC8A03 /* Release */ = {
			isa = XCBuildConfiguration;
			buildSettings = {
				ALWAYS_EMBED_SWIFT_STANDARD_LIBRARIES = YES;
				CODE_SIGN_STYLE = Automatic;
				CURRENT_PROJECT_VERSION = 1;
				DEVELOPMENT_TEAM = 6DV7YZY2XY;
				GENERATE_INFOPLIST_FILE = YES;
				MARKETING_VERSION = 1.0;
				PRODUCT_BUNDLE_IDENTIFIER = com.metinemre.pickerViewUITests;
				PRODUCT_NAME = "$(TARGET_NAME)";
				SWIFT_EMIT_LOC_STRINGS = NO;
				SWIFT_VERSION = 5.0;
				TARGETED_DEVICE_FAMILY = "1,2";
				TEST_TARGET_NAME = pickerView;
			};
			name = Release;
		};
		1888FFFF28A27B5E00AC8A03 /* Debug */ = {
			isa = XCBuildConfiguration;
			buildSettings = {
				ALWAYS_SEARCH_USER_PATHS = NO;
				CLANG_ANALYZER_NONNULL = YES;
				CLANG_ANALYZER_NUMBER_OBJECT_CONVERSION = YES_AGGRESSIVE;
				CLANG_CXX_LANGUAGE_STANDARD = "gnu++17";
				CLANG_ENABLE_MODULES = YES;
				CLANG_ENABLE_OBJC_ARC = YES;
				CLANG_ENABLE_OBJC_WEAK = YES;
				CLANG_WARN_BLOCK_CAPTURE_AUTORELEASING = YES;
				CLANG_WARN_BOOL_CONVERSION = YES;
				CLANG_WARN_COMMA = YES;
				CLANG_WARN_CONSTANT_CONVERSION = YES;
				CLANG_WARN_DEPRECATED_OBJC_IMPLEMENTATIONS = YES;
				CLANG_WARN_DIRECT_OBJC_ISA_USAGE = YES_ERROR;
				CLANG_WARN_DOCUMENTATION_COMMENTS = YES;
				CLANG_WARN_EMPTY_BODY = YES;
				CLANG_WARN_ENUM_CONVERSION = YES;
				CLANG_WARN_INFINITE_RECURSION = YES;
				CLANG_WARN_INT_CONVERSION = YES;
				CLANG_WARN_NON_LITERAL_NULL_CONVERSION = YES;
				CLANG_WARN_OBJC_IMPLICIT_RETAIN_SELF = YES;
				CLANG_WARN_OBJC_LITERAL_CONVERSION = YES;
				CLANG_WARN_OBJC_ROOT_CLASS = YES_ERROR;
				CLANG_WARN_QUOTED_INCLUDE_IN_FRAMEWORK_HEADER = YES;
				CLANG_WARN_RANGE_LOOP_ANALYSIS = YES;
				CLANG_WARN_STRICT_PROTOTYPES = YES;
				CLANG_WARN_SUSPICIOUS_MOVE = YES;
				CLANG_WARN_UNGUARDED_AVAILABILITY = YES_AGGRESSIVE;
				CLANG_WARN_UNREACHABLE_CODE = YES;
				CLANG_WARN__DUPLICATE_METHOD_MATCH = YES;
				COPY_PHASE_STRIP = NO;
				DEBUG_INFORMATION_FORMAT = dwarf;
				ENABLE_STRICT_OBJC_MSGSEND = YES;
				ENABLE_TESTABILITY = YES;
				GCC_C_LANGUAGE_STANDARD = gnu11;
				GCC_DYNAMIC_NO_PIC = NO;
				GCC_NO_COMMON_BLOCKS = YES;
				GCC_OPTIMIZATION_LEVEL = 0;
				GCC_PREPROCESSOR_DEFINITIONS = (
					"DEBUG=1",
					"$(inherited)",
				);
				GCC_WARN_64_TO_32_BIT_CONVERSION = YES;
				GCC_WARN_ABOUT_RETURN_TYPE = YES_ERROR;
				GCC_WARN_UNDECLARED_SELECTOR = YES;
				GCC_WARN_UNINITIALIZED_AUTOS = YES_AGGRESSIVE;
				GCC_WARN_UNUSED_FUNCTION = YES;
				GCC_WARN_UNUSED_VARIABLE = YES;
				IPHONEOS_DEPLOYMENT_TARGET = 15.5;
				MTL_ENABLE_DEBUG_INFO = INCLUDE_SOURCE;
				MTL_FAST_MATH = YES;
				ONLY_ACTIVE_ARCH = YES;
				SDKROOT = iphoneos;
				SWIFT_ACTIVE_COMPILATION_CONDITIONS = DEBUG;
				SWIFT_OPTIMIZATION_LEVEL = "-Onone";
			};
			name = Debug;
		};
/* End XCBuildConfiguration section */

/* Begin XCConfigurationList section */
		1888000128A27B5E00AC8A03 /* Build configuration list for PBXNativeTarget "pickerView" */ = {
			isa = XCConfigurationList;
			buildConfigurations = (
				1888000228A27B5E00AC8A03 /* Debug */,
				1888000328A27B5E00AC8A03 /* Release */,
			);
			defaultConfigurationIsVisible = 0;
			defaultConfigurationName = Release;
		};
		1888000428A27B5E00AC8A03 /* Build configuration list for PBXNativeTarget "pickerViewTests" */ = {
			isa = XCConfigurationList;
			buildConfigurations = (
				1888000528A27B5E00AC8A03 /* Debug */,
				1888000628A27B5E00AC8A03 /* Release */,
			);
			defaultConfigurationIsVisible = 0;
			defaultConfigurationName = Release;
		};
		1888000728A27B5E00AC8A03 /* Build configuration list for PBXNativeTarget "pickerViewUITests" */ = {
			isa = XCConfigurationList;
			buildConfigurations = (
				1888000828A27B5E00AC8A03 /* Debug */,
				1888000928A27B5E00AC8A03 /* Release */,
			);
			defaultConfigurationIsVisible = 0;
			defaultConfigurationName = Release;
		};
		1888FFCF28A27B5C00AC8A03 /* Build configuration list for PBXProject "pickerView" */ = {
			isa = XCConfigurationList;
			buildConfigurations = (
				1888FFFF28A27B5E00AC8A03 /* Debug */,
				1888000028A27B5E00AC8A03 /* Release */,
			);
			defaultConfigurationIsVisible = 0;
			defaultConfigurationName = Release;
		};
/* End XCConfigurationList section */

/* Begin XCVersionGroup section */
		1888FFE028A27B5C00AC8A03 /* pickerView.xcdatamodeld */ = {
			isa = XCVersionGroup;
			children = (
				1888FFE128A27B5C00AC8A03 /* pickerView.xcdatamodel */,
			);
			currentVersion = 1888FFE128A27B5C00AC8A03 /* pickerView.xcdatamodel */;
			path = pickerView.xcdatamodeld;
			sourceTree = "<group>";
			versionGroupType = wrapper.xcdatamodel;
		};
/* End XCVersionGroup section */
	};
	rootObject = 1888FFCC28A27B5C00AC8A03 /* Project object */;
}
